# This file is automatically @generated by Poetry 1.5.1 and should not be changed by hand.

[[package]]
name = "attrs"
version = "23.1.0"
description = "Classes Without Boilerplate"
optional = false
python-versions = ">=3.7"
files = [
    {file = "attrs-23.1.0-py3-none-any.whl", hash = "sha256:1f28b4522cdc2fb4256ac1a020c78acf9cba2c6b461ccd2c126f3aa8e8335d04"},
    {file = "attrs-23.1.0.tar.gz", hash = "sha256:6279836d581513a26f1bf235f9acd333bc9115683f14f7e8fae46c98fc50e015"},
]

[package.dependencies]
importlib-metadata = {version = "*", markers = "python_version < \"3.8\""}

[package.extras]
cov = ["attrs[tests]", "coverage[toml] (>=5.3)"]
dev = ["attrs[docs,tests]", "pre-commit"]
docs = ["furo", "myst-parser", "sphinx", "sphinx-notfound-page", "sphinxcontrib-towncrier", "towncrier", "zope-interface"]
tests = ["attrs[tests-no-zope]", "zope-interface"]
tests-no-zope = ["cloudpickle", "hypothesis", "mypy (>=1.1.1)", "pympler", "pytest (>=4.3.0)", "pytest-mypy-plugins", "pytest-xdist[psutil]"]

[[package]]
name = "click"
version = "7.1.2"
description = "Composable command line interface toolkit"
optional = false
python-versions = ">=2.7, !=3.0.*, !=3.1.*, !=3.2.*, !=3.3.*, !=3.4.*"
files = [
    {file = "click-7.1.2-py2.py3-none-any.whl", hash = "sha256:dacca89f4bfadd5de3d7489b7c8a566eee0d3676333fbb50030263894c38c0dc"},
    {file = "click-7.1.2.tar.gz", hash = "sha256:d2b5255c7c6349bc1bd1e59e08cd12acbbd63ce649f2588755783aa94dfb6b1a"},
]

[[package]]
name = "importlib-metadata"
version = "6.7.0"
description = "Read metadata from Python packages"
optional = false
python-versions = ">=3.7"
files = [
    {file = "importlib_metadata-6.7.0-py3-none-any.whl", hash = "sha256:cb52082e659e97afc5dac71e79de97d8681de3aa07ff18578330904a9d18e5b5"},
    {file = "importlib_metadata-6.7.0.tar.gz", hash = "sha256:1aaf550d4f73e5d6783e7acb77aec43d49da8017410afae93822cc9cca98c4d4"},
]

[package.dependencies]
typing-extensions = {version = ">=3.6.4", markers = "python_version < \"3.8\""}
zipp = ">=0.5"

[package.extras]
docs = ["furo", "jaraco.packaging (>=9)", "jaraco.tidelift (>=1.4)", "rst.linker (>=1.9)", "sphinx (>=3.5)", "sphinx-lint"]
perf = ["ipython"]
testing = ["flufl.flake8", "importlib-resources (>=1.3)", "packaging", "pyfakefs", "pytest (>=6)", "pytest-black (>=0.3.7)", "pytest-checkdocs (>=2.4)", "pytest-cov", "pytest-enabler (>=1.3)", "pytest-mypy (>=0.9.1)", "pytest-perf (>=0.9.2)", "pytest-ruff"]

[[package]]
name = "pyserial"
version = "3.4"
description = "Python Serial Port Extension"
optional = false
python-versions = "*"
files = [
    {file = "pyserial-3.4-py2.py3-none-any.whl", hash = "sha256:e0770fadba80c31013896c7e6ef703f72e7834965954a78e71a3049488d4d7d8"},
    {file = "pyserial-3.4.tar.gz", hash = "sha256:6e2d401fdee0eab996cf734e67773a0143b932772ca8b42451440cfed942c627"},
]

[[package]]
name = "pysunspec"
version = "2.1.0"
description = "Python SunSpec Tools"
optional = false
python-versions = ">=2.7,!=3.0.*,!=3.1.*,!=3.2.*,!=3.3.*,!=3.4.*"
files = [
    {file = "pysunspec-2.1.0-py2.py3-none-any.whl", hash = "sha256:97dbd776796df2acf8b4610f546fc251af99aa6474181d91008cd2a1fdfb03fe"},
    {file = "pysunspec-2.1.0.tar.gz", hash = "sha256:c4587736b107e72b411f1bb9a4cd9d4e7791217cb90533ca2ab87210151ae08c"},
]

[package.dependencies]
pyserial = "*"

[[package]]
name = "setuptools"
version = "68.0.0"
description = "Easily download, build, install, upgrade, and uninstall Python packages"
optional = false
python-versions = ">=3.7"
files = [
    {file = "setuptools-68.0.0-py3-none-any.whl", hash = "sha256:11e52c67415a381d10d6b462ced9cfb97066179f0e871399e006c4ab101fc85f"},
    {file = "setuptools-68.0.0.tar.gz", hash = "sha256:baf1fdb41c6da4cd2eae722e135500da913332ab3f2f5c7d33af9b492acb5235"},
]

[package.extras]
docs = ["furo", "jaraco.packaging (>=9)", "jaraco.tidelift (>=1.4)", "pygments-github-lexers (==0.0.5)", "rst.linker (>=1.9)", "sphinx (>=3.5)", "sphinx-favicon", "sphinx-hoverxref (<2)", "sphinx-inline-tabs", "sphinx-lint", "sphinx-notfound-page (==0.8.3)", "sphinx-reredirects", "sphinxcontrib-towncrier"]
testing = ["build[virtualenv]", "filelock (>=3.4.0)", "flake8-2020", "ini2toml[lite] (>=0.9)", "jaraco.envs (>=2.2)", "jaraco.path (>=3.2.0)", "pip (>=19.1)", "pip-run (>=8.8)", "pytest (>=6)", "pytest-black (>=0.3.7)", "pytest-checkdocs (>=2.4)", "pytest-cov", "pytest-enabler (>=1.3)", "pytest-mypy (>=0.9.1)", "pytest-perf", "pytest-ruff", "pytest-timeout", "pytest-xdist", "tomli-w (>=1.0.0)", "virtualenv (>=13.0.0)", "wheel"]
testing-integration = ["build[virtualenv]", "filelock (>=3.4.0)", "jaraco.envs (>=2.2)", "jaraco.path (>=3.2.0)", "pytest", "pytest-enabler", "pytest-xdist", "tomli", "virtualenv (>=13.0.0)", "wheel"]

[[package]]
name = "sunspecdemo"
version = "0.0.0"
description = "EPC SunSpec demonstration tool"
optional = false
python-versions = ">=3.7.9,<3.11"
files = []
develop = false

[package.dependencies]
attrs = ">=19.3.0"
click = "^7.0"
pyserial = "3.4"
pysunspec = "2.1.0"
setuptools = ">=53.0.0"
toml = "^0.10.2"
toolz = "0.9.0"
tqdm = "4.32.1"
typing-extensions = "^4.0.1"

[package.source]
type = "git"
url = "https://github.com/epcpower/sunspec-demo.git"
reference = "a04b466da431549946297c66364ee835c3fab3e0"
resolved_reference = "a04b466da431549946297c66364ee835c3fab3e0"

[[package]]
name = "toml"
version = "0.10.2"
description = "Python Library for Tom's Obvious, Minimal Language"
optional = false
python-versions = ">=2.6, !=3.0.*, !=3.1.*, !=3.2.*"
files = [
    {file = "toml-0.10.2-py2.py3-none-any.whl", hash = "sha256:806143ae5bfb6a3c6e736a764057db0e6a0e05e338b5630894a5f779cabb4f9b"},
    {file = "toml-0.10.2.tar.gz", hash = "sha256:b3bda1d108d5dd99f4a20d24d9c348e91c4db7ab1b749200bded2f839ccbe68f"},
]

[[package]]
name = "toolz"
version = "0.9.0"
description = "List processing tools and functional utilities"
optional = false
python-versions = "*"
files = [
    {file = "toolz-0.9.0.tar.gz", hash = "sha256:929f0a7ea7f61c178bd951bdae93920515d3fbdbafc8e6caf82d752b9b3b31c9"},
]

[[package]]
name = "tqdm"
version = "4.32.1"
description = "Fast, Extensible Progress Meter"
optional = false
python-versions = ">=2.6, !=3.0.*, !=3.1.*"
files = [
    {file = "tqdm-4.32.1-py2.py3-none-any.whl", hash = "sha256:e288416eecd4df19d12407d0c913cbf77aa8009d7fddb18f632aded3bdbdda6b"},
    {file = "tqdm-4.32.1.tar.gz", hash = "sha256:0a860bf2683fdbb4812fe539a6c22ea3f1777843ea985cb8c3807db448a0f7ab"},
]

[package.extras]
dev = ["argopt", "py-make (>=0.1.0)", "pydoc-markdown", "twine"]

[[package]]
name = "typing-extensions"
version = "4.7.1"
description = "Backported and Experimental Type Hints for Python 3.7+"
optional = false
python-versions = ">=3.7"
files = [
    {file = "typing_extensions-4.7.1-py3-none-any.whl", hash = "sha256:440d5dd3af93b060174bf433bccd69b0babc3b15b1a8dca43789fd7f61514b36"},
    {file = "typing_extensions-4.7.1.tar.gz", hash = "sha256:b75ddc264f0ba5615db7ba217daeb99701ad295353c45f9e95963337ceeeffb2"},
]

[[package]]
name = "zipp"
version = "3.15.0"
description = "Backport of pathlib-compatible object wrapper for zip files"
optional = false
python-versions = ">=3.7"
files = [
    {file = "zipp-3.15.0-py3-none-any.whl", hash = "sha256:48904fc76a60e542af151aded95726c1a5c34ed43ab4134b597665c86d7ad556"},
    {file = "zipp-3.15.0.tar.gz", hash = "sha256:112929ad649da941c23de50f356a2b5570c954b65150642bccdd66bf194d224b"},
]

[package.extras]
docs = ["furo", "jaraco.packaging (>=9)", "jaraco.tidelift (>=1.4)", "rst.linker (>=1.9)", "sphinx (>=3.5)", "sphinx-lint"]
testing = ["big-O", "flake8 (<5)", "jaraco.functools", "jaraco.itertools", "more-itertools", "pytest (>=6)", "pytest-black (>=0.3.7)", "pytest-checkdocs (>=2.4)", "pytest-cov", "pytest-enabler (>=1.3)", "pytest-flake8", "pytest-mypy (>=0.9.1)"]

[metadata]
lock-version = "2.0"
python-versions = ">=3.7.9,<3.11"
content-hash = "5452cbe970eb0bbc7d7520d49b5cc42e01dd6058613f9f9589e451e4ca0d2343"
